
Microsoft Visual Studio Solution File, Format Version 12.00
# Visual Studio 15
Project("{FAE04EC0-301F-11D3-BF4B-00C04F79EFBC}") = "炸金花课程", "Assembly-CSharp.csproj", "{8544D74C-09B4-1C3A-D285-794D9FAB0E77}"
EndProject
Project("{FAE04EC0-301F-11D3-BF4B-00C04F79EFBC}") = "炸金花课程", "Assembly-CSharp-Editor.csproj", "{0935B33D-89B3-2FC3-C775-CB13BCEB95A2}"
EndProject
Global
	GlobalSection(SolutionConfigurationPlatforms) = preSolution
		Debug|Any CPU = Debug|Any CPU
		Release|Any CPU = Release|Any CPU
	EndGlobalSection
	GlobalSection(ProjectConfigurationPlatforms) = postSolution
		{8544D74C-09B4-1C3A-D285-794D9FAB0E77}.Debug|Any CPU.ActiveCfg = Debug|Any CPU
		{8544D74C-09B4-1C3A-D285-794D9FAB0E77}.Debug|Any CPU.Build.0 = Debug|Any CPU
		{8544D74C-09B4-1C3A-D285-794D9FAB0E77}.Release|Any CPU.ActiveCfg = Release|Any CPU
		{8544D74C-09B4-1C3A-D285-794D9FAB0E77}.Release|Any CPU.Build.0 = Release|Any CPU
		{0935B33D-89B3-2FC3-C775-CB13BCEB95A2}.Debug|Any CPU.ActiveCfg = Debug|Any CPU
		{0935B33D-89B3-2FC3-C775-CB13BCEB95A2}.Debug|Any CPU.Build.0 = Debug|Any CPU
		{0935B33D-89B3-2FC3-C775-CB13BCEB95A2}.Release|Any CPU.ActiveCfg = Release|Any CPU
		{0935B33D-89B3-2FC3-C775-CB13BCEB95A2}.Release|Any CPU.Build.0 = Release|Any CPU
	EndGlobalSection
	GlobalSection(SolutionProperties) = preSolution
		HideSolutionNode = FALSE
	EndGlobalSection
EndGlobal
